
Microsoft Visual Studio Solution File, Format Version 12.00
# Visual Studio Version 17
VisualStudioVersion = 17.2.32630.192
MinimumVisualStudioVersion = 10.0.40219.1
Project("{9A19103F-16F7-4668-BE54-9A1E7A4F7556}") = "lab2task3", "lab2task3\lab2task3.csproj", "{90E125DD-4870-44BD-95B0-7A5314C73890}"
EndProject
Project("{FAE04EC0-301F-11D3-BF4B-00C04F79EFBC}") = "lab2task3Tests", "lab2task3Tests\lab2task3Tests.csproj", "{77FC593D-523B-4243-9CED-E6CB8FD5F185}"
EndProject
Global
	GlobalSection(SolutionConfigurationPlatforms) = preSolution
		Debug|Any CPU = Debug|Any CPU
		Release|Any CPU = Release|Any CPU
	EndGlobalSection
	GlobalSection(ProjectConfigurationPlatforms) = postSolution
		{90E125DD-4870-44BD-95B0-7A5314C73890}.Debug|Any CPU.ActiveCfg = Debug|Any CPU
		{90E125DD-4870-44BD-95B0-7A5314C73890}.Debug|Any CPU.Build.0 = Debug|Any CPU
		{90E125DD-4870-44BD-95B0-7A5314C73890}.Release|Any CPU.ActiveCfg = Release|Any CPU
		{90E125DD-4870-44BD-95B0-7A5314C73890}.Release|Any CPU.Build.0 = Release|Any CPU
		{77FC593D-523B-4243-9CED-E6CB8FD5F185}.Debug|Any CPU.ActiveCfg = Debug|Any CPU
		{77FC593D-523B-4243-9CED-E6CB8FD5F185}.Debug|Any CPU.Build.0 = Debug|Any CPU
		{77FC593D-523B-4243-9CED-E6CB8FD5F185}.Release|Any CPU.ActiveCfg = Release|Any CPU
		{77FC593D-523B-4243-9CED-E6CB8FD5F185}.Release|Any CPU.Build.0 = Release|Any CPU
	EndGlobalSection
	GlobalSection(SolutionProperties) = preSolution
		HideSolutionNode = FALSE
	EndGlobalSection
	GlobalSection(ExtensibilityGlobals) = postSolution
		SolutionGuid = {CBAFAADE-673D-41C7-A5F6-3C92D9FC7E8E}
	EndGlobalSection
EndGlobal
